{
  "name": "n8n-nodes-evolution-api-tool",
  "version": "1.0.0",
  "lockfileVersion": 3,
  "requires": true,
  "packages": {
    "": {
      "name": "n8n-nodes-evolution-api-tool",
      "version": "1.0.0",
      "license": "MIT",
      "devDependencies": {
        "@types/node": "^20.11.0",
        "@typescript-eslint/parser": "^7.15.0",
        "copyfiles": "^2.4.1",
        "eslint": "^8.56.0",
        "eslint-plugin-n8n-nodes-base": "^1.16.1",
        "prettier": "^3.3.2",
        "typescript": "^5.5.3"
      },
      "engines": {
        "node": ">=20.19 <=24.x"
      },
      "peerDependencies": {
        "n8n-workflow": "*"
      }
    }
  }
}